// !$*UTF8*$!
{
	archiveVersion = 1;
	classes = {
	};
	objectVersion = 56;
	objects = {

/* Begin PBXBuildFile section */
		8D1107AD2A1F1B3E00A8E7D8 /* JiffStudioApp.swift in Sources */ = {isa = PBXBuildFile; fileRef = 8D1107AC2A1F1B3E00A8E7D8 /* JiffStudioApp.swift */; };
		8D1107AF2A1F1B3E00A8E7D8 /* ContentView.swift in Sources */ = {isa = PBXBuildFile; fileRef = 8D1107AE2A1F1B3E00A8E7D8 /* ContentView.swift */; };
		8D1107B12A1F1B4000A8E7D8 /* Assets.xcassets in Resources */ = {isa = PBXBuildFile; fileRef = 8D1107B02A1F1B4000A8E7D8 /* Assets.xcassets */; };
		8D1107B42A1F1B4000A8E7D8 /* Preview Assets.xcassets in Resources */ = {isa = PBXBuildFile; fileRef = 8D1107B32A1F1B4000A8E7D8 /* Preview Assets.xcassets */; };
		8D1107BC2A1F1B5A00A8E7D8 /* GIFCreator.swift in Sources */ = {isa = PBXBuildFile; fileRef = 8D1107BB2A1F1B5A00A8E7D8 /* GIFCreator.swift */; };
		8D1107BE2A1F1B6A00A8E7D8 /* ContentViewModel.swift in Sources */ = {isa = PBXBuildFile; fileRef = 8D1107BD2A1F1B6A00A8E7D8 /* ContentViewModel.swift */; };
		8D1107C02A1F1B7900A8E7D8 /* ParametersView.swift in Sources */ = {isa = PBXBuildFile; fileRef = 8D1107BF2A1F1B7900A8E7D8 /* ParametersView.swift */; };
		8D1107C22A1F1B8800A8E7D8 /* PreviewView.swift in Sources */ = {isa = PBXBuildFile; fileRef = 8D1107C12A1F1B8800A8E7D8 /* PreviewView.swift */; };
/* End PBXBuildFile section */

/* Begin PBXFileReference section */
		8D1107A92A1F1B3E00A8E7D8 /* JiffStudio.app */ = {isa = PBXFileReference; explicitFileType = wrapper.application; includeInIndex = 0; path = JiffStudio.app; sourceTree = BUILT_PRODUCTS_DIR; };
		8D1107AC2A1F1B3E00A8E7D8 /* JiffStudioApp.swift */ = {isa = PBXFileReference; lastKnownFileType = sourcecode.swift; path = JiffStudioApp.swift; sourceTree = "<group>"; };
		8D1107AE2A1F1B3E00A8E7D8 /* ContentView.swift */ = {isa = PBXFileReference; lastKnownFileType = sourcecode.swift; path = ContentView.swift; sourceTree = "<group>"; };
		8D1107B02A1F1B4000A8E7D8 /* Assets.xcassets */ = {isa = PBXFileReference; lastKnownFileType = folder.assetcatalog; path = Assets.xcassets; sourceTree = "<group>"; };
		8D1107B32A1F1B4000A8E7D8 /* Preview Assets.xcassets */ = {isa = PBXFileReference; lastKnownFileType = folder.assetcatalog; path = "Preview Assets.xcassets"; sourceTree = "<group>"; };
		8D1107B52A1F1B4000A8E7D8 /* JiffStudio.entitlements */ = {isa = PBXFileReference; lastKnownFileType = text.plist.entitlements; path = JiffStudio.entitlements; sourceTree = "<group>"; };
		8D1107BB2A1F1B5A00A8E7D8 /* GIFCreator.swift */ = {isa = PBXFileReference; lastKnownFileType = sourcecode.swift; path = GIFCreator.swift; sourceTree = "<group>"; };
		8D1107BD2A1F1B6A00A8E7D8 /* ContentViewModel.swift */ = {isa = PBXFileReference; lastKnownFileType = sourcecode.swift; path = ContentViewModel.swift; sourceTree = "<group>"; };
		8D1107BF2A1F1B7900A8E7D8 /* ParametersView.swift */ = {isa = PBXFileReference; lastKnownFileType = sourcecode.swift; path = ParametersView.swift; sourceTree = "<group>"; };
		8D1107C12A1F1B8800A8E7D8 /* PreviewView.swift */ = {isa = PBXFileReference; lastKnownFileType = sourcecode.swift; path = PreviewView.swift; sourceTree = "<group>"; };
/* End PBXFileReference section */

/* Begin PBXFrameworksBuildPhase section */
		8D1107A62A1F1B3E00A8E7D8 /* Frameworks */ = {
			isa = PBXFrameworksBuildPhase;
			buildActionMask = 2147483647;
			files = (
			);
			runOnlyForDeploymentPostprocessing = 0;
		};
/* End PBXFrameworksBuildPhase section */

/* Begin PBXGroup section */
		8D1107A02A1F1B3E00A8E7D8 = {
			isa = PBXGroup;
			children = (
				8D1107AB2A1F1B3E00A8E7D8 /* JiffStudio */,
				8D1107AA2A1F1B3E00A8E7D8 /* Products */,
			);
			sourceTree = "<group>";
		};
		8D1107AA2A1F1B3E00A8E7D8 /* Products */ = {
			isa = PBXGroup;
			children = (
				8D1107A92A1F1B3E00A8E7D8 /* JiffStudio.app */,
			);
			name = Products;
			sourceTree = "<group>";
		};
		8D1107AB2A1F1B3E00A8E7D8 /* JiffStudio */ = {
			isa = PBXGroup;
			children = (
				8D1107AC2A1F1B3E00A8E7D8 /* JiffStudioApp.swift */,
				8D1107AE2A1F1B3E00A8E7D8 /* ContentView.swift */,
				8D1107BD2A1F1B6A00A8E7D8 /* ContentViewModel.swift */,
				8D1107BF2A1F1B7900A8E7D8 /* ParametersView.swift */,
				8D1107C12A1F1B8800A8E7D8 /* PreviewView.swift */,
				8D1107BB2A1F1B5A00A8E7D8 /* GIFCreator.swift */,
				8D1107B02A1F1B4000A8E7D8 /* Assets.xcassets */,
				8D1107B52A1F1B4000A8E7D8 /* JiffStudio.entitlements */,
				8D1107B22A1F1B4000A8E7D8 /* Preview Content */,
			);
			path = JiffStudio;
			sourceTree = "<group>";
		};
		8D1107B22A1F1B4000A8E7D8 /* Preview Content */ = {
			isa = PBXGroup;
			children = (
				8D1107B32A1F1B4000A8E7D8 /* Preview Assets.xcassets */,
			);
			path = "Preview Content";
			sourceTree = "<group>";
		};
/* End PBXGroup section */

/* Begin PBXNativeTarget section */
		8D1107A82A1F1B3E00A8E7D8 /* JiffStudio */ = {
			isa = PBXNativeTarget;
			buildConfigurationList = 8D1107B82A1F1B4000A8E7D8 /* Build configuration list for PBXNativeTarget "JiffStudio" */;
			buildPhases = (
				8D1107A52A1F1B3E00A8E7D8 /* Sources */,
				8D1107A62A1F1B3E00A8E7D8 /* Frameworks */,
				8D1107A72A1F1B3E00A8E7D8 /* Resources */,
			);
			buildRules = (
			);
			dependencies = (
			);
			name = JiffStudio;
			productName = JiffStudio;
			productReference = 8D1107A92A1F1B3E00A8E7D8 /* JiffStudio.app */;
			productType = "com.apple.product-type.application";
		};
/* End PBXNativeTarget section */

/* Begin PBXProject section */
		8D1107A12A1F1B3E00A8E7D8 /* Project object */ = {
			isa = PBXProject;
			attributes = {
				BuildIndependentTargetsInParallel = 1;
				LastSwiftUpdateCheck = 1500;
				LastUpgradeCheck = 1500;
				TargetAttributes = {
					8D1107A82A1F1B3E00A8E7D8 = {
						CreatedOnToolsVersion = 15.0;
					};
				};
			};
			buildConfigurationList = 8D1107A42A1F1B3E00A8E7D8 /* Build configuration list for PBXProject "JiffStudio" */;
			compatibilityVersion = "Xcode 14.0";
			developmentRegion = en;
			hasScannedForEncodings = 0;
			knownRegions = (
				en,
				Base,
			);
			mainGroup = 8D1107A02A1F1B3E00A8E7D8;
			productRefGroup = 8D1107AA2A1F1B3E00A8E7D8 /* Products */;
			projectDirPath = "";
			projectRoot = "";
			targets = (
				8D1107A82A1F1B3E00A8E7D8 /* JiffStudio */,
			);
		};
/* End PBXProject section */

/* Begin PBXResourcesBuildPhase section */
		8D1107A72A1F1B3E00A8E7D8 /* Resources */ = {
			isa = PBXResourcesBuildPhase;
			buildActionMask = 2147483647;
			files = (
				8D1107B42A1F1B4000A8E7D8 /* Preview Assets.xcassets in Resources */,
				8D1107B12A1F1B4000A8E7D8 /* Assets.xcassets in Resources */,
			);
			runOnlyForDeploymentPostprocessing = 0;
		};
/* End PBXResourcesBuildPhase section */

/* Begin PBXSourcesBuildPhase section */
		8D1107A52A1F1B3E00A8E7D8 /* Sources */ = {
			isa = PBXSourcesBuildPhase;
			buildActionMask = 2147483647;
			files = (
				8D1107AF2A1F1B3E00A8E7D8 /* ContentView.swift in Sources */,
				8D1107C02A1F1B7900A8E7D8 /* ParametersView.swift in Sources */,
				8D1107BC2A1F1B5A00A8E7D8 /* GIFCreator.swift in Sources */,
				8D1107BE2A1F1B6A00A8E7D8 /* ContentViewModel.swift in Sources */,
				8D1107C22A1F1B8800A8E7D8 /* PreviewView.swift in Sources */,
				8D1107AD2A1F1B3E00A8E7D8 /* JiffStudioApp.swift in Sources */,
			);
			runOnlyForDeploymentPostprocessing = 0;
		};
/* End PBXSourcesBuildPhase section */

/* Begin XCBuildConfiguration section */
		8D1107B62A1F1B4000A8E7D8 /* Debug */ = {
			isa = XCBuildConfiguration;
			buildSettings = {
				ALWAYS_SEARCH_USER_PATHS = NO;
				ASSETCATALOG_COMPILER_GENERATE_SWIFT_ASSET_SYMBOL_EXTENSIONS = YES;
				CLANG_ANALYZER_NONNULL = YES;
				CLANG_ANALYZER_NUMBER_OBJECT_CONVERSION = YES_AGGRESSIVE;
				CLANG_CXX_LANGUAGE_STANDARD = "gnu++20";
				CLANG_ENABLE_MODULES = YES;
				CLANG_ENABLE_OBJC_ARC = YES;
				CLANG_ENABLE_OBJC_WEAK = YES;
				CLANG_WARN_BLOCK_CAPTURE_AUTORELEASING = YES;
				CLANG_WARN_BOOL_CONVERSION = YES;
				CLANG_WARN_COMMA = YES;
				CLANG_WARN_CONSTANT_CONVERSION = YES;
				CLANG_WARN_DEPRECATED_OBJC_IMPLEMENTATIONS = YES;
				CLANG_WARN_DIRECT_OBJC_ISA_USAGE = YES_ERROR;
				CLANG_WARN_DOCUMENTATION_COMMENTS = YES;
				CLANG_WARN_EMPTY_BODY = YES;
				CLANG_WARN_ENUM_CONVERSION = YES;
				CLANG_WARN_INFINITE_RECURSION = YES;
				CLANG_WARN_INT_CONVERSION = YES;
				CLANG_WARN_NON_LITERAL_NULL_CONVERSION = YES;
				CLANG_WARN_OBJC_IMPLICIT_RETAIN_SELF = YES;
				CLANG_WARN_OBJC_LITERAL_CONVERSION = YES;
				CLANG_WARN_OBJC_ROOT_CLASS = YES_ERROR;
				CLANG_WARN_QUOTED_INCLUDE_IN_FRAMEWORK_HEADER = YES;
				CLANG_WARN_RANGE_LOOP_ANALYSIS = YES;
				CLANG_WARN_STRICT_PROTOTYPES = YES;
				CLANG_WARN_SUSPICIOUS_MOVE = YES;
				CLANG_WARN_UNGUARDED_AVAILABILITY = YES_AGGRESSIVE;
				CLANG_WARN_UNREACHABLE_CODE = YES;
				CLANG_WARN__DUPLICATE_METHOD_MATCH = YES;
				COPY_PHASE_STRIP = NO;
				DEBUG_INFORMATION_FORMAT = dwarf;
				ENABLE_STRICT_OBJC_MSGSEND = YES;
				ENABLE_TESTABILITY = YES;
				ENABLE_USER_SCRIPT_SANDBOXING = YES;
				GCC_C_LANGUAGE_STANDARD = gnu17;
				GCC_DYNAMIC_NO_PIC = NO;
				GCC_NO_COMMON_BLOCKS = YES;
				GCC_OPTIMIZATION_LEVEL = 0;
				GCC_PREPROCESSOR_DEFINITIONS = (
					"DEBUG=1",
					"$(inherited)",
				);
				GCC_WARN_64_TO_32_BIT_CONVERSION = YES;
				GCC_WARN_ABOUT_RETURN_TYPE = YES_ERROR;
				GCC_WARN_UNDECLARED_SELECTOR = YES;
				GCC_WARN_UNINITIALIZED_AUTOS = YES_AGGRESSIVE;
				GCC_WARN_UNUSED_FUNCTION = YES;
				GCC_WARN_UNUSED_VARIABLE = YES;
				LOCALIZATION_PREFERS_STRING_CATALOGS = YES;
				MACOSX_DEPLOYMENT_TARGET = 13.0;
				MTL_ENABLE_DEBUG_INFO = INCLUDE_SOURCE;
				MTL_FAST_MATH = YES;
				ONLY_ACTIVE_ARCH = YES;
				SDKROOT = macosx;
				SWIFT_ACTIVE_COMPILATION_CONDITIONS = "DEBUG $(inherited)";
				SWIFT_OPTIMIZATION_LEVEL = "-Onone";
			};
			name = Debug;
		};
		8D1107B72A1F1B4000A8E7D8 /* Release */ = {
			isa = XCBuildConfiguration;
			buildSettings = {
				ALWAYS_SEARCH_USER_PATHS = NO;
				ASSETCATALOG_COMPILER_GENERATE_SWIFT_ASSET_SYMBOL_EXTENSIONS = YES;
				CLANG_ANALYZER_NONNULL = YES;
				CLANG_ANALYZER_NUMBER_OBJECT_CONVERSION = YES_AGGRESSIVE;
				CLANG_CXX_LANGUAGE_STANDARD = "gnu++20";
				CLANG_ENABLE_MODULES = YES;
				CLANG_ENABLE_OBJC_ARC = YES;
				CLANG_ENABLE_OBJC_WEAK = YES;
				CLANG_WARN_BLOCK_CAPTURE_AUTORELEASING = YES;
				CLANG_WARN_BOOL_CONVERSION = YES;
				CLANG_WARN_COMMA = YES;
				CLANG_WARN_CONSTANT_CONVERSION = YES;
				CLANG_WARN_DEPRECATED_OBJC_IMPLEMENTATIONS = YES;
				CLANG_WARN_DIRECT_OBJC_ISA_USAGE = YES_ERROR;
				CLANG_WARN_DOCUMENTATION_COMMENTS = YES;
				CLANG_WARN_EMPTY_BODY = YES;
				CLANG_WARN_ENUM_CONVERSION = YES;
				CLANG_WARN_INFINITE_RECURSION = YES;
				CLANG_WARN_INT_CONVERSION = YES;
				CLANG_WARN_NON_LITERAL_NULL_CONVERSION = YES;
				CLANG_WARN_OBJC_IMPLICIT_RETAIN_SELF = YES;
				CLANG_WARN_OBJC_LITERAL_CONVERSION = YES;
				CLANG_WARN_OBJC_ROOT_CLASS = YES_ERROR;
				CLANG_WARN_QUOTED_INCLUDE_IN_FRAMEWORK_HEADER = YES;
				CLANG_WARN_RANGE_LOOP_ANALYSIS = YES;
				CLANG_WARN_STRICT_PROTOTYPES = YES;
				CLANG_WARN_SUSPICIOUS_MOVE = YES;
				CLANG_WARN_UNGUARDED_AVAILABILITY = YES_AGGRESSIVE;
				CLANG_WARN_UNREACHABLE_CODE = YES;
				CLANG_WARN__DUPLICATE_METHOD_MATCH = YES;
				COPY_PHASE_STRIP = NO;
				DEBUG_INFORMATION_FORMAT = "dwarf-with-dsym";
				ENABLE_NS_ASSERTIONS = NO;
				ENABLE_STRICT_OBJC_MSGSEND = YES;
				ENABLE_USER_SCRIPT_SANDBOXING = YES;
				GCC_C_LANGUAGE_STANDARD = gnu17;
				GCC_NO_COMMON_BLOCKS = YES;
				GCC_WARN_64_TO_32_BIT_CONVERSION = YES;
				GCC_WARN_ABOUT_RETURN_TYPE = YES_ERROR;
				GCC_WARN_UNDECLARED_SELECTOR = YES;
				GCC_WARN_UNINITIALIZED_AUTOS = YES_AGGRESSIVE;
				GCC_WARN_UNUSED_FUNCTION = YES;
				GCC_WARN_UNUSED_VARIABLE = YES;
				LOCALIZATION_PREFERS_STRING_CATALOGS = YES;
				MACOSX_DEPLOYMENT_TARGET = 13.0;
				MTL_ENABLE_DEBUG_INFO = NO;
				MTL_FAST_MATH = YES;
				SDKROOT = macosx;
				SWIFT_COMPILATION_MODE = wholemodule;
			};
			name = Release;
		};
		8D1107B92A1F1B4000A8E7D8 /* Debug */ = {
			isa = XCBuildConfiguration;
			buildSettings = {
				ASSETCATALOG_COMPILER_APPICON_NAME = AppIcon;
				ASSETCATALOG_COMPILER_GLOBAL_ACCENT_COLOR_NAME = AccentColor;
				CODE_SIGN_ENTITLEMENTS = JiffStudio/JiffStudio.entitlements;
				CODE_SIGN_STYLE = Automatic;
				COMBINE_HIDPI_IMAGES = YES;
				CURRENT_PROJECT_VERSION = 1;
				DEVELOPMENT_ASSET_PATHS = "\"JiffStudio/Preview Content\"";
				ENABLE_PREVIEWS = YES;
				GENERATE_INFOPLIST_FILE = YES;
				INFOPLIST_KEY_NSHumanReadableCopyright = "";
				LD_RUNPATH_SEARCH_PATHS = (
					"$(inherited)",
					"@executable_path/../Frameworks",
				);
				MARKETING_VERSION = 1.0;
				PRODUCT_BUNDLE_IDENTIFIER = com.example.JiffStudio;
				PRODUCT_NAME = "$(TARGET_NAME)";
				SWIFT_EMIT_LOC_STRINGS = YES;
				SWIFT_VERSION = 5.0;
			};
			name = Debug;
		};
		8D1107BA2A1F1B4000A8E7D8 /* Release */ = {
			isa = XCBuildConfiguration;
			buildSettings = {
				ASSETCATALOG_COMPILER_APPICON_NAME = AppIcon;
				ASSETCATALOG_COMPILER_GLOBAL_ACCENT_COLOR_NAME = AccentColor;
				CODE_SIGN_ENTITLEMENTS = JiffStudio/JiffStudio.entitlements;
				CODE_SIGN_STYLE = Automatic;
				COMBINE_HIDPI_IMAGES = YES;
				CURRENT_PROJECT_VERSION = 1;
				DEVELOPMENT_ASSET_PATHS = "\"JiffStudio/Preview Content\"";
				ENABLE_PREVIEWS = YES;
				GENERATE_INFOPLIST_FILE = YES;
				INFOPLIST_KEY_NSHumanReadableCopyright = "";
				LD_RUNPATH_SEARCH_PATHS = (
					"$(inherited)",
					"@executable_path/../Frameworks",
				);
				MARKETING_VERSION = 1.0;
				PRODUCT_BUNDLE_IDENTIFIER = com.example.JiffStudio;
				PRODUCT_NAME = "$(TARGET_NAME)";
				SWIFT_EMIT_LOC_STRINGS = YES;
				SWIFT_VERSION = 5.0;
			};
			name = Release;
		};
/* End XCBuildConfiguration section */

/* Begin XCConfigurationList section */
		8D1107A42A1F1B3E00A8E7D8 /* Build configuration list for PBXProject "JiffStudio" */ = {
			isa = XCConfigurationList;
			buildConfigurations = (
				8D1107B62A1F1B4000A8E7D8 /* Debug */,
				8D1107B72A1F1B4000A8E7D8 /* Release */,
			);
			defaultConfigurationIsVisible = 0;
			defaultConfigurationName = Release;
		};
		8D1107B82A1F1B4000A8E7D8 /* Build configuration list for PBXNativeTarget "JiffStudio" */ = {
			isa = XCConfigurationList;
			buildConfigurations = (
				8D1107B92A1F1B4000A8E7D8 /* Debug */,
				8D1107BA2A1F1B4000A8E7D8 /* Release */,
			);
			defaultConfigurationIsVisible = 0;
			defaultConfigurationName = Release;
		};
/* End XCConfigurationList section */
	};
	rootObject = 8D1107A12A1F1B3E00A8E7D8 /* Project object */;
}